// !$*UTF8*$!
{
	archiveVersion = 1;
	classes = {
	};
	objectVersion = 50;
	objects = {

/* Begin PBXBuildFile section */
		377873CB2279E8C500D5ECDE /* AppDelegate.swift in Sources */ = {isa = PBXBuildFile; fileRef = 377873CA2279E8C500D5ECDE /* AppDelegate.swift */; };
		377873CD2279E8C500D5ECDE /* ViewController.swift in Sources */ = {isa = PBXBuildFile; fileRef = 377873CC2279E8C500D5ECDE /* ViewController.swift */; };
		377873D02279E8C500D5ECDE /* Main.storyboard in Resources */ = {isa = PBXBuildFile; fileRef = 377873CE2279E8C500D5ECDE /* Main.storyboard */; };
		377873D32279E8C500D5ECDE /* Calculator.xcdatamodeld in Sources */ = {isa = PBXBuildFile; fileRef = 377873D12279E8C500D5ECDE /* Calculator.xcdatamodeld */; };
		377873D52279E8C600D5ECDE /* Assets.xcassets in Resources */ = {isa = PBXBuildFile; fileRef = 377873D42279E8C600D5ECDE /* Assets.xcassets */; };
		377873D82279E8C600D5ECDE /* LaunchScreen.storyboard in Resources */ = {isa = PBXBuildFile; fileRef = 377873D62279E8C600D5ECDE /* LaunchScreen.storyboard */; };
		377873E32279E8C700D5ECDE /* CalculatorTests.swift in Sources */ = {isa = PBXBuildFile; fileRef = 377873E22279E8C700D5ECDE /* CalculatorTests.swift */; };
		377873EE2279E8C700D5ECDE /* CalculatorUITests.swift in Sources */ = {isa = PBXBuildFile; fileRef = 377873ED2279E8C700D5ECDE /* CalculatorUITests.swift */; };
		37787401227A01BE00D5ECDE /* CalculatorViewModel.swift in Sources */ = {isa = PBXBuildFile; fileRef = 37787400227A01BE00D5ECDE /* CalculatorViewModel.swift */; };
/* End PBXBuildFile section */

/* Begin PBXContainerItemProxy section */
		377873DF2279E8C700D5ECDE /* PBXContainerItemProxy */ = {
			isa = PBXContainerItemProxy;
			containerPortal = 377873BF2279E8C500D5ECDE /* Project object */;
			proxyType = 1;
			remoteGlobalIDString = 377873C62279E8C500D5ECDE;
			remoteInfo = Calculator;
		};
		377873EA2279E8C700D5ECDE /* PBXContainerItemProxy */ = {
			isa = PBXContainerItemProxy;
			containerPortal = 377873BF2279E8C500D5ECDE /* Project object */;
			proxyType = 1;
			remoteGlobalIDString = 377873C62279E8C500D5ECDE;
			remoteInfo = Calculator;
		};
/* End PBXContainerItemProxy section */

/* Begin PBXFileReference section */
		377873C72279E8C500D5ECDE /* Calculator.app */ = {isa = PBXFileReference; explicitFileType = wrapper.application; includeInIndex = 0; path = Calculator.app; sourceTree = BUILT_PRODUCTS_DIR; };
		377873CA2279E8C500D5ECDE /* AppDelegate.swift */ = {isa = PBXFileReference; lastKnownFileType = sourcecode.swift; path = AppDelegate.swift; sourceTree = "<group>"; };
		377873CC2279E8C500D5ECDE /* ViewController.swift */ = {isa = PBXFileReference; lastKnownFileType = sourcecode.swift; path = ViewController.swift; sourceTree = "<group>"; };
		377873CF2279E8C500D5ECDE /* Base */ = {isa = PBXFileReference; lastKnownFileType = file.storyboard; name = Base; path = Base.lproj/Main.storyboard; sourceTree = "<group>"; };
		377873D22279E8C500D5ECDE /* Calculator.xcdatamodel */ = {isa = PBXFileReference; lastKnownFileType = wrapper.xcdatamodel; path = Calculator.xcdatamodel; sourceTree = "<group>"; };
		377873D42279E8C600D5ECDE /* Assets.xcassets */ = {isa = PBXFileReference; lastKnownFileType = folder.assetcatalog; path = Assets.xcassets; sourceTree = "<group>"; };
		377873D72279E8C600D5ECDE /* Base */ = {isa = PBXFileReference; lastKnownFileType = file.storyboard; name = Base; path = Base.lproj/LaunchScreen.storyboard; sourceTree = "<group>"; };
		377873D92279E8C600D5ECDE /* Info.plist */ = {isa = PBXFileReference; lastKnownFileType = text.plist.xml; path = Info.plist; sourceTree = "<group>"; };
		377873DE2279E8C700D5ECDE /* CalculatorTests.xctest */ = {isa = PBXFileReference; explicitFileType = wrapper.cfbundle; includeInIndex = 0; path = CalculatorTests.xctest; sourceTree = BUILT_PRODUCTS_DIR; };
		377873E22279E8C700D5ECDE /* CalculatorTests.swift */ = {isa = PBXFileReference; lastKnownFileType = sourcecode.swift; path = CalculatorTests.swift; sourceTree = "<group>"; };
		377873E42279E8C700D5ECDE /* Info.plist */ = {isa = PBXFileReference; lastKnownFileType = text.plist.xml; path = Info.plist; sourceTree = "<group>"; };
		377873E92279E8C700D5ECDE /* CalculatorUITests.xctest */ = {isa = PBXFileReference; explicitFileType = wrapper.cfbundle; includeInIndex = 0; path = CalculatorUITests.xctest; sourceTree = BUILT_PRODUCTS_DIR; };
		377873ED2279E8C700D5ECDE /* CalculatorUITests.swift */ = {isa = PBXFileReference; lastKnownFileType = sourcecode.swift; path = CalculatorUITests.swift; sourceTree = "<group>"; };
		377873EF2279E8C700D5ECDE /* Info.plist */ = {isa = PBXFileReference; lastKnownFileType = text.plist.xml; path = Info.plist; sourceTree = "<group>"; };
		37787400227A01BE00D5ECDE /* CalculatorViewModel.swift */ = {isa = PBXFileReference; lastKnownFileType = sourcecode.swift; path = CalculatorViewModel.swift; sourceTree = "<group>"; };
/* End PBXFileReference section */

/* Begin PBXFrameworksBuildPhase section */
		377873C42279E8C500D5ECDE /* Frameworks */ = {
			isa = PBXFrameworksBuildPhase;
			buildActionMask = 2147483647;
			files = (
			);
			runOnlyForDeploymentPostprocessing = 0;
		};
		377873DB2279E8C700D5ECDE /* Frameworks */ = {
			isa = PBXFrameworksBuildPhase;
			buildActionMask = 2147483647;
			files = (
			);
			runOnlyForDeploymentPostprocessing = 0;
		};
		377873E62279E8C700D5ECDE /* Frameworks */ = {
			isa = PBXFrameworksBuildPhase;
			buildActionMask = 2147483647;
			files = (
			);
			runOnlyForDeploymentPostprocessing = 0;
		};
/* End PBXFrameworksBuildPhase section */

/* Begin PBXGroup section */
		377873BE2279E8C500D5ECDE = {
			isa = PBXGroup;
			children = (
				377873C92279E8C500D5ECDE /* Calculator */,
				377873E12279E8C700D5ECDE /* CalculatorTests */,
				377873EC2279E8C700D5ECDE /* CalculatorUITests */,
				377873C82279E8C500D5ECDE /* Products */,
			);
			sourceTree = "<group>";
		};
		377873C82279E8C500D5ECDE /* Products */ = {
			isa = PBXGroup;
			children = (
				377873C72279E8C500D5ECDE /* Calculator.app */,
				377873DE2279E8C700D5ECDE /* CalculatorTests.xctest */,
				377873E92279E8C700D5ECDE /* CalculatorUITests.xctest */,
			);
			name = Products;
			sourceTree = "<group>";
		};
		377873C92279E8C500D5ECDE /* Calculator */ = {
			isa = PBXGroup;
			children = (
				377873CA2279E8C500D5ECDE /* AppDelegate.swift */,
				377873CC2279E8C500D5ECDE /* ViewController.swift */,
				37787400227A01BE00D5ECDE /* CalculatorViewModel.swift */,
				377873CE2279E8C500D5ECDE /* Main.storyboard */,
				377873D42279E8C600D5ECDE /* Assets.xcassets */,
				377873D62279E8C600D5ECDE /* LaunchScreen.storyboard */,
				377873D92279E8C600D5ECDE /* Info.plist */,
				377873D12279E8C500D5ECDE /* Calculator.xcdatamodeld */,
			);
			path = Calculator;
			sourceTree = "<group>";
		};
		377873E12279E8C700D5ECDE /* CalculatorTests */ = {
			isa = PBXGroup;
			children = (
				377873E22279E8C700D5ECDE /* CalculatorTests.swift */,
				377873E42279E8C700D5ECDE /* Info.plist */,
			);
			path = CalculatorTests;
			sourceTree = "<group>";
		};
		377873EC2279E8C700D5ECDE /* CalculatorUITests */ = {
			isa = PBXGroup;
			children = (
				377873ED2279E8C700D5ECDE /* CalculatorUITests.swift */,
				377873EF2279E8C700D5ECDE /* Info.plist */,
			);
			path = CalculatorUITests;
			sourceTree = "<group>";
		};
/* End PBXGroup section */

/* Begin PBXNativeTarget section */
		377873C62279E8C500D5ECDE /* Calculator */ = {
			isa = PBXNativeTarget;
			buildConfigurationList = 377873F22279E8C700D5ECDE /* Build configuration list for PBXNativeTarget "Calculator" */;
			buildPhases = (
				377873C32279E8C500D5ECDE /* Sources */,
				377873C42279E8C500D5ECDE /* Frameworks */,
				377873C52279E8C500D5ECDE /* Resources */,
			);
			buildRules = (
			);
			dependencies = (
			);
			name = Calculator;
			productName = Calculator;
			productReference = 377873C72279E8C500D5ECDE /* Calculator.app */;
			productType = "com.apple.product-type.application";
		};
		377873DD2279E8C700D5ECDE /* CalculatorTests */ = {
			isa = PBXNativeTarget;
			buildConfigurationList = 377873F52279E8C700D5ECDE /* Build configuration list for PBXNativeTarget "CalculatorTests" */;
			buildPhases = (
				377873DA2279E8C700D5ECDE /* Sources */,
				377873DB2279E8C700D5ECDE /* Frameworks */,
				377873DC2279E8C700D5ECDE /* Resources */,
			);
			buildRules = (
			);
			dependencies = (
				377873E02279E8C700D5ECDE /* PBXTargetDependency */,
			);
			name = CalculatorTests;
			productName = CalculatorTests;
			productReference = 377873DE2279E8C700D5ECDE /* CalculatorTests.xctest */;
			productType = "com.apple.product-type.bundle.unit-test";
		};
		377873E82279E8C700D5ECDE /* CalculatorUITests */ = {
			isa = PBXNativeTarget;
			buildConfigurationList = 377873F82279E8C700D5ECDE /* Build configuration list for PBXNativeTarget "CalculatorUITests" */;
			buildPhases = (
				377873E52279E8C700D5ECDE /* Sources */,
				377873E62279E8C700D5ECDE /* Frameworks */,
				377873E72279E8C700D5ECDE /* Resources */,
			);
			buildRules = (
			);
			dependencies = (
				377873EB2279E8C700D5ECDE /* PBXTargetDependency */,
			);
			name = CalculatorUITests;
			productName = CalculatorUITests;
			productReference = 377873E92279E8C700D5ECDE /* CalculatorUITests.xctest */;
			productType = "com.apple.product-type.bundle.ui-testing";
		};
/* End PBXNativeTarget section */

/* Begin PBXProject section */
		377873BF2279E8C500D5ECDE /* Project object */ = {
			isa = PBXProject;
			attributes = {
				LastSwiftUpdateCheck = 1010;
				LastUpgradeCheck = 1010;
				ORGANIZATIONNAME = djadell;
				TargetAttributes = {
					377873C62279E8C500D5ECDE = {
						CreatedOnToolsVersion = 10.1;
					};
					377873DD2279E8C700D5ECDE = {
						CreatedOnToolsVersion = 10.1;
						TestTargetID = 377873C62279E8C500D5ECDE;
					};
					377873E82279E8C700D5ECDE = {
						CreatedOnToolsVersion = 10.1;
						TestTargetID = 377873C62279E8C500D5ECDE;
					};
				};
			};
			buildConfigurationList = 377873C22279E8C500D5ECDE /* Build configuration list for PBXProject "Calculator" */;
			compatibilityVersion = "Xcode 9.3";
			developmentRegion = en;
			hasScannedForEncodings = 0;
			knownRegions = (
				en,
				Base,
			);
			mainGroup = 377873BE2279E8C500D5ECDE;
			productRefGroup = 377873C82279E8C500D5ECDE /* Products */;
			projectDirPath = "";
			projectRoot = "";
			targets = (
				377873C62279E8C500D5ECDE /* Calculator */,
				377873DD2279E8C700D5ECDE /* CalculatorTests */,
				377873E82279E8C700D5ECDE /* CalculatorUITests */,
			);
		};
/* End PBXProject section */

/* Begin PBXResourcesBuildPhase section */
		377873C52279E8C500D5ECDE /* Resources */ = {
			isa = PBXResourcesBuildPhase;
			buildActionMask = 2147483647;
			files = (
				377873D82279E8C600D5ECDE /* LaunchScreen.storyboard in Resources */,
				377873D52279E8C600D5ECDE /* Assets.xcassets in Resources */,
				377873D02279E8C500D5ECDE /* Main.storyboard in Resources */,
			);
			runOnlyForDeploymentPostprocessing = 0;
		};
		377873DC2279E8C700D5ECDE /* Resources */ = {
			isa = PBXResourcesBuildPhase;
			buildActionMask = 2147483647;
			files = (
			);
			runOnlyForDeploymentPostprocessing = 0;
		};
		377873E72279E8C700D5ECDE /* Resources */ = {
			isa = PBXResourcesBuildPhase;
			buildActionMask = 2147483647;
			files = (
			);
			runOnlyForDeploymentPostprocessing = 0;
		};
/* End PBXResourcesBuildPhase section */

/* Begin PBXSourcesBuildPhase section */
		377873C32279E8C500D5ECDE /* Sources */ = {
			isa = PBXSourcesBuildPhase;
			buildActionMask = 2147483647;
			files = (
				377873CD2279E8C500D5ECDE /* ViewController.swift in Sources */,
				377873CB2279E8C500D5ECDE /* AppDelegate.swift in Sources */,
				37787401227A01BE00D5ECDE /* CalculatorViewModel.swift in Sources */,
				377873D32279E8C500D5ECDE /* Calculator.xcdatamodeld in Sources */,
			);
			runOnlyForDeploymentPostprocessing = 0;
		};
		377873DA2279E8C700D5ECDE /* Sources */ = {
			isa = PBXSourcesBuildPhase;
			buildActionMask = 2147483647;
			files = (
				377873E32279E8C700D5ECDE /* CalculatorTests.swift in Sources */,
			);
			runOnlyForDeploymentPostprocessing = 0;
		};
		377873E52279E8C700D5ECDE /* Sources */ = {
			isa = PBXSourcesBuildPhase;
			buildActionMask = 2147483647;
			files = (
				377873EE2279E8C700D5ECDE /* CalculatorUITests.swift in Sources */,
			);
			runOnlyForDeploymentPostprocessing = 0;
		};
/* End PBXSourcesBuildPhase section */

/* Begin PBXTargetDependency section */
		377873E02279E8C700D5ECDE /* PBXTargetDependency */ = {
			isa = PBXTargetDependency;
			target = 377873C62279E8C500D5ECDE /* Calculator */;
			targetProxy = 377873DF2279E8C700D5ECDE /* PBXContainerItemProxy */;
		};
		377873EB2279E8C700D5ECDE /* PBXTargetDependency */ = {
			isa = PBXTargetDependency;
			target = 377873C62279E8C500D5ECDE /* Calculator */;
			targetProxy = 377873EA2279E8C700D5ECDE /* PBXContainerItemProxy */;
		};
/* End PBXTargetDependency section */

/* Begin PBXVariantGroup section */
		377873CE2279E8C500D5ECDE /* Main.storyboard */ = {
			isa = PBXVariantGroup;
			children = (
				377873CF2279E8C500D5ECDE /* Base */,
			);
			name = Main.storyboard;
			sourceTree = "<group>";
		};
		377873D62279E8C600D5ECDE /* LaunchScreen.storyboard */ = {
			isa = PBXVariantGroup;
			children = (
				377873D72279E8C600D5ECDE /* Base */,
			);
			name = LaunchScreen.storyboard;
			sourceTree = "<group>";
		};
/* End PBXVariantGroup section */

/* Begin XCBuildConfiguration section */
		377873F02279E8C700D5ECDE /* Debug */ = {
			isa = XCBuildConfiguration;
			buildSettings = {
				ALWAYS_SEARCH_USER_PATHS = NO;
				CLANG_ANALYZER_NONNULL = YES;
				CLANG_ANALYZER_NUMBER_OBJECT_CONVERSION = YES_AGGRESSIVE;
				CLANG_CXX_LANGUAGE_STANDARD = "gnu++14";
				CLANG_CXX_LIBRARY = "libc++";
				CLANG_ENABLE_MODULES = YES;
				CLANG_ENABLE_OBJC_ARC = YES;
				CLANG_ENABLE_OBJC_WEAK = YES;
				CLANG_WARN_BLOCK_CAPTURE_AUTORELEASING = YES;
				CLANG_WARN_BOOL_CONVERSION = YES;
				CLANG_WARN_COMMA = YES;
				CLANG_WARN_CONSTANT_CONVERSION = YES;
				CLANG_WARN_DEPRECATED_OBJC_IMPLEMENTATIONS = YES;
				CLANG_WARN_DIRECT_OBJC_ISA_USAGE = YES_ERROR;
				CLANG_WARN_DOCUMENTATION_COMMENTS = YES;
				CLANG_WARN_EMPTY_BODY = YES;
				CLANG_WARN_ENUM_CONVERSION = YES;
				CLANG_WARN_INFINITE_RECURSION = YES;
				CLANG_WARN_INT_CONVERSION = YES;
				CLANG_WARN_NON_LITERAL_NULL_CONVERSION = YES;
				CLANG_WARN_OBJC_IMPLICIT_RETAIN_SELF = YES;
				CLANG_WARN_OBJC_LITERAL_CONVERSION = YES;
				CLANG_WARN_OBJC_ROOT_CLASS = YES_ERROR;
				CLANG_WARN_RANGE_LOOP_ANALYSIS = YES;
				CLANG_WARN_STRICT_PROTOTYPES = YES;
				CLANG_WARN_SUSPICIOUS_MOVE = YES;
				CLANG_WARN_UNGUARDED_AVAILABILITY = YES_AGGRESSIVE;
				CLANG_WARN_UNREACHABLE_CODE = YES;
				CLANG_WARN__DUPLICATE_METHOD_MATCH = YES;
				CODE_SIGN_IDENTITY = "iPhone Developer";
				COPY_PHASE_STRIP = NO;
				DEBUG_INFORMATION_FORMAT = dwarf;
				ENABLE_STRICT_OBJC_MSGSEND = YES;
				ENABLE_TESTABILITY = YES;
				GCC_C_LANGUAGE_STANDARD = gnu11;
				GCC_DYNAMIC_NO_PIC = NO;
				GCC_NO_COMMON_BLOCKS = YES;
				GCC_OPTIMIZATION_LEVEL = 0;
				GCC_PREPROCESSOR_DEFINITIONS = (
					"DEBUG=1",
					"$(inherited)",
				);
				GCC_WARN_64_TO_32_BIT_CONVERSION = YES;
				GCC_WARN_ABOUT_RETURN_TYPE = YES_ERROR;
				GCC_WARN_UNDECLARED_SELECTOR = YES;
				GCC_WARN_UNINITIALIZED_AUTOS = YES_AGGRESSIVE;
				GCC_WARN_UNUSED_FUNCTION = YES;
				GCC_WARN_UNUSED_VARIABLE = YES;
				IPHONEOS_DEPLOYMENT_TARGET = 12.1;
				MTL_ENABLE_DEBUG_INFO = INCLUDE_SOURCE;
				MTL_FAST_MATH = YES;
				ONLY_ACTIVE_ARCH = YES;
				SDKROOT = iphoneos;
				SWIFT_ACTIVE_COMPILATION_CONDITIONS = DEBUG;
				SWIFT_OPTIMIZATION_LEVEL = "-Onone";
			};
			name = Debug;
		};
		377873F12279E8C700D5ECDE /* Release */ = {
			isa = XCBuildConfiguration;
			buildSettings = {
				ALWAYS_SEARCH_USER_PATHS = NO;
				CLANG_ANALYZER_NONNULL = YES;
				CLANG_ANALYZER_NUMBER_OBJECT_CONVERSION = YES_AGGRESSIVE;
				CLANG_CXX_LANGUAGE_STANDARD = "gnu++14";
				CLANG_CXX_LIBRARY = "libc++";
				CLANG_ENABLE_MODULES = YES;
				CLANG_ENABLE_OBJC_ARC = YES;
				CLANG_ENABLE_OBJC_WEAK = YES;
				CLANG_WARN_BLOCK_CAPTURE_AUTORELEASING = YES;
				CLANG_WARN_BOOL_CONVERSION = YES;
				CLANG_WARN_COMMA = YES;
				CLANG_WARN_CONSTANT_CONVERSION = YES;
				CLANG_WARN_DEPRECATED_OBJC_IMPLEMENTATIONS = YES;
				CLANG_WARN_DIRECT_OBJC_ISA_USAGE = YES_ERROR;
				CLANG_WARN_DOCUMENTATION_COMMENTS = YES;
				CLANG_WARN_EMPTY_BODY = YES;
				CLANG_WARN_ENUM_CONVERSION = YES;
				CLANG_WARN_INFINITE_RECURSION = YES;
				CLANG_WARN_INT_CONVERSION = YES;
				CLANG_WARN_NON_LITERAL_NULL_CONVERSION = YES;
				CLANG_WARN_OBJC_IMPLICIT_RETAIN_SELF = YES;
				CLANG_WARN_OBJC_LITERAL_CONVERSION = YES;
				CLANG_WARN_OBJC_ROOT_CLASS = YES_ERROR;
				CLANG_WARN_RANGE_LOOP_ANALYSIS = YES;
				CLANG_WARN_STRICT_PROTOTYPES = YES;
				CLANG_WARN_SUSPICIOUS_MOVE = YES;
				CLANG_WARN_UNGUARDED_AVAILABILITY = YES_AGGRESSIVE;
				CLANG_WARN_UNREACHABLE_CODE = YES;
				CLANG_WARN__DUPLICATE_METHOD_MATCH = YES;
				CODE_SIGN_IDENTITY = "iPhone Developer";
				COPY_PHASE_STRIP = NO;
				DEBUG_INFORMATION_FORMAT = "dwarf-with-dsym";
				ENABLE_NS_ASSERTIONS = NO;
				ENABLE_STRICT_OBJC_MSGSEND = YES;
				GCC_C_LANGUAGE_STANDARD = gnu11;
				GCC_NO_COMMON_BLOCKS = YES;
				GCC_WARN_64_TO_32_BIT_CONVERSION = YES;
				GCC_WARN_ABOUT_RETURN_TYPE = YES_ERROR;
				GCC_WARN_UNDECLARED_SELECTOR = YES;
				GCC_WARN_UNINITIALIZED_AUTOS = YES_AGGRESSIVE;
				GCC_WARN_UNUSED_FUNCTION = YES;
				GCC_WARN_UNUSED_VARIABLE = YES;
				IPHONEOS_DEPLOYMENT_TARGET = 12.1;
				MTL_ENABLE_DEBUG_INFO = NO;
				MTL_FAST_MATH = YES;
				SDKROOT = iphoneos;
				SWIFT_COMPILATION_MODE = wholemodule;
				SWIFT_OPTIMIZATION_LEVEL = "-O";
				VALIDATE_PRODUCT = YES;
			};
			name = Release;
		};
		377873F32279E8C700D5ECDE /* Debug */ = {
			isa = XCBuildConfiguration;
			buildSettings = {
				ASSETCATALOG_COMPILER_APPICON_NAME = AppIcon;
				CODE_SIGN_STYLE = Automatic;
				DEVELOPMENT_TEAM = U8EXY52995;
				INFOPLIST_FILE = Calculator/Info.plist;
				LD_RUNPATH_SEARCH_PATHS = (
					"$(inherited)",
					"@executable_path/Frameworks",
				);
				PRODUCT_BUNDLE_IDENTIFIER = com.djadell.Calculator;
				PRODUCT_NAME = "$(TARGET_NAME)";
				SWIFT_VERSION = 4.2;
				TARGETED_DEVICE_FAMILY = "1,2";
			};
			name = Debug;
		};
		377873F42279E8C700D5ECDE /* Release */ = {
			isa = XCBuildConfiguration;
			buildSettings = {
				ASSETCATALOG_COMPILER_APPICON_NAME = AppIcon;
				CODE_SIGN_STYLE = Automatic;
				DEVELOPMENT_TEAM = U8EXY52995;
				INFOPLIST_FILE = Calculator/Info.plist;
				LD_RUNPATH_SEARCH_PATHS = (
					"$(inherited)",
					"@executable_path/Frameworks",
				);
				PRODUCT_BUNDLE_IDENTIFIER = com.djadell.Calculator;
				PRODUCT_NAME = "$(TARGET_NAME)";
				SWIFT_VERSION = 4.2;
				TARGETED_DEVICE_FAMILY = "1,2";
			};
			name = Release;
		};
		377873F62279E8C700D5ECDE /* Debug */ = {
			isa = XCBuildConfiguration;
			buildSettings = {
				ALWAYS_EMBED_SWIFT_STANDARD_LIBRARIES = YES;
				BUNDLE_LOADER = "$(TEST_HOST)";
				CODE_SIGN_STYLE = Automatic;
				DEVELOPMENT_TEAM = U8EXY52995;
				INFOPLIST_FILE = CalculatorTests/Info.plist;
				LD_RUNPATH_SEARCH_PATHS = (
					"$(inherited)",
					"@executable_path/Frameworks",
					"@loader_path/Frameworks",
				);
				PRODUCT_BUNDLE_IDENTIFIER = com.djadell.CalculatorTests;
				PRODUCT_NAME = "$(TARGET_NAME)";
				SWIFT_VERSION = 4.2;
				TARGETED_DEVICE_FAMILY = "1,2";
				TEST_HOST = "$(BUILT_PRODUCTS_DIR)/Calculator.app/Calculator";
			};
			name = Debug;
		};
		377873F72279E8C700D5ECDE /* Release */ = {
			isa = XCBuildConfiguration;
			buildSettings = {
				ALWAYS_EMBED_SWIFT_STANDARD_LIBRARIES = YES;
				BUNDLE_LOADER = "$(TEST_HOST)";
				CODE_SIGN_STYLE = Automatic;
				DEVELOPMENT_TEAM = U8EXY52995;
				INFOPLIST_FILE = CalculatorTests/Info.plist;
				LD_RUNPATH_SEARCH_PATHS = (
					"$(inherited)",
					"@executable_path/Frameworks",
					"@loader_path/Frameworks",
				);
				PRODUCT_BUNDLE_IDENTIFIER = com.djadell.CalculatorTests;
				PRODUCT_NAME = "$(TARGET_NAME)";
				SWIFT_VERSION = 4.2;
				TARGETED_DEVICE_FAMILY = "1,2";
				TEST_HOST = "$(BUILT_PRODUCTS_DIR)/Calculator.app/Calculator";
			};
			name = Release;
		};
		377873F92279E8C700D5ECDE /* Debug */ = {
			isa = XCBuildConfiguration;
			buildSettings = {
				ALWAYS_EMBED_SWIFT_STANDARD_LIBRARIES = YES;
				CODE_SIGN_STYLE = Automatic;
				DEVELOPMENT_TEAM = U8EXY52995;
				INFOPLIST_FILE = CalculatorUITests/Info.plist;
				LD_RUNPATH_SEARCH_PATHS = (
					"$(inherited)",
					"@executable_path/Frameworks",
					"@loader_path/Frameworks",
				);
				PRODUCT_BUNDLE_IDENTIFIER = com.djadell.CalculatorUITests;
				PRODUCT_NAME = "$(TARGET_NAME)";
				SWIFT_VERSION = 4.2;
				TARGETED_DEVICE_FAMILY = "1,2";
				TEST_TARGET_NAME = Calculator;
			};
			name = Debug;
		};
		377873FA2279E8C700D5ECDE /* Release */ = {
			isa = XCBuildConfiguration;
			buildSettings = {
				ALWAYS_EMBED_SWIFT_STANDARD_LIBRARIES = YES;
				CODE_SIGN_STYLE = Automatic;
				DEVELOPMENT_TEAM = U8EXY52995;
				INFOPLIST_FILE = CalculatorUITests/Info.plist;
				LD_RUNPATH_SEARCH_PATHS = (
					"$(inherited)",
					"@executable_path/Frameworks",
					"@loader_path/Frameworks",
				);
				PRODUCT_BUNDLE_IDENTIFIER = com.djadell.CalculatorUITests;
				PRODUCT_NAME = "$(TARGET_NAME)";
				SWIFT_VERSION = 4.2;
				TARGETED_DEVICE_FAMILY = "1,2";
				TEST_TARGET_NAME = Calculator;
			};
			name = Release;
		};
/* End XCBuildConfiguration section */

/* Begin XCConfigurationList section */
		377873C22279E8C500D5ECDE /* Build configuration list for PBXProject "Calculator" */ = {
			isa = XCConfigurationList;
			buildConfigurations = (
				377873F02279E8C700D5ECDE /* Debug */,
				377873F12279E8C700D5ECDE /* Release */,
			);
			defaultConfigurationIsVisible = 0;
			defaultConfigurationName = Release;
		};
		377873F22279E8C700D5ECDE /* Build configuration list for PBXNativeTarget "Calculator" */ = {
			isa = XCConfigurationList;
			buildConfigurations = (
				377873F32279E8C700D5ECDE /* Debug */,
				377873F42279E8C700D5ECDE /* Release */,
			);
			defaultConfigurationIsVisible = 0;
			defaultConfigurationName = Release;
		};
		377873F52279E8C700D5ECDE /* Build configuration list for PBXNativeTarget "CalculatorTests" */ = {
			isa = XCConfigurationList;
			buildConfigurations = (
				377873F62279E8C700D5ECDE /* Debug */,
				377873F72279E8C700D5ECDE /* Release */,
			);
			defaultConfigurationIsVisible = 0;
			defaultConfigurationName = Release;
		};
		377873F82279E8C700D5ECDE /* Build configuration list for PBXNativeTarget "CalculatorUITests" */ = {
			isa = XCConfigurationList;
			buildConfigurations = (
				377873F92279E8C700D5ECDE /* Debug */,
				377873FA2279E8C700D5ECDE /* Release */,
			);
			defaultConfigurationIsVisible = 0;
			defaultConfigurationName = Release;
		};
/* End XCConfigurationList section */

/* Begin XCVersionGroup section */
		377873D12279E8C500D5ECDE /* Calculator.xcdatamodeld */ = {
			isa = XCVersionGroup;
			children = (
				377873D22279E8C500D5ECDE /* Calculator.xcdatamodel */,
			);
			currentVersion = 377873D22279E8C500D5ECDE /* Calculator.xcdatamodel */;
			path = Calculator.xcdatamodeld;
			sourceTree = "<group>";
			versionGroupType = wrapper.xcdatamodel;
		};
/* End XCVersionGroup section */
	};
	rootObject = 377873BF2279E8C500D5ECDE /* Project object */;
}
